
Microsoft Visual Studio Solution File, Format Version 12.00
# Visual Studio Version 17
VisualStudioVersion = 17.5.002.0
MinimumVisualStudioVersion = 10.0.40219.1
Project("{9A19103F-16F7-4668-BE54-9A1E7A4F7556}") = "dotnet-mpi", "dotnet-mpi.csproj", "{C342F69F-C367-4262-A36A-BE9F1B91F19F}"
EndProject
Global
	GlobalSection(SolutionConfigurationPlatforms) = preSolution
		Debug|Any CPU = Debug|Any CPU
		Release|Any CPU = Release|Any CPU
	EndGlobalSection
	GlobalSection(ProjectConfigurationPlatforms) = postSolution
		{C342F69F-C367-4262-A36A-BE9F1B91F19F}.Debug|Any CPU.ActiveCfg = Debug|Any CPU
		{C342F69F-C367-4262-A36A-BE9F1B91F19F}.Debug|Any CPU.Build.0 = Debug|Any CPU
		{C342F69F-C367-4262-A36A-BE9F1B91F19F}.Release|Any CPU.ActiveCfg = Release|Any CPU
		{C342F69F-C367-4262-A36A-BE9F1B91F19F}.Release|Any CPU.Build.0 = Release|Any CPU
	EndGlobalSection
	GlobalSection(SolutionProperties) = preSolution
		HideSolutionNode = FALSE
	EndGlobalSection
	GlobalSection(ExtensibilityGlobals) = postSolution
		SolutionGuid = {3A90F769-A149-44AB-86BA-C561D02BF500}
	EndGlobalSection
EndGlobal
